
Microsoft Visual Studio Solution File, Format Version 12.00
# Visual Studio Version 16
VisualStudioVersion = 16.0.28803.156
MinimumVisualStudioVersion = 10.0.40219.1
Project("{FAE04EC0-301F-11D3-BF4B-00C04F79EFBC}") = "Kalkulator-Izvrsitelj", "Kalkulator-Izvrsitelj.csproj", "{FD540680-913C-44B2-93B0-25E3C8DE2622}"
EndProject
Global
	GlobalSection(SolutionConfigurationPlatforms) = preSolution
		Debug|Any CPU = Debug|Any CPU
		Release|Any CPU = Release|Any CPU
	EndGlobalSection
	GlobalSection(ProjectConfigurationPlatforms) = postSolution
		{FD540680-913C-44B2-93B0-25E3C8DE2622}.Debug|Any CPU.ActiveCfg = Debug|Any CPU
		{FD540680-913C-44B2-93B0-25E3C8DE2622}.Debug|Any CPU.Build.0 = Debug|Any CPU
		{FD540680-913C-44B2-93B0-25E3C8DE2622}.Release|Any CPU.ActiveCfg = Release|Any CPU
		{FD540680-913C-44B2-93B0-25E3C8DE2622}.Release|Any CPU.Build.0 = Release|Any CPU
	EndGlobalSection
	GlobalSection(SolutionProperties) = preSolution
		HideSolutionNode = FALSE
	EndGlobalSection
	GlobalSection(ExtensibilityGlobals) = postSolution
		SolutionGuid = {62E506BB-D4B5-45C6-82A2-D48D2FB32E0F}
	EndGlobalSection
EndGlobal
